// !$*UTF8*$!
{
	archiveVersion = 1;
	classes = {
	};
	objectVersion = 55;
	objects = {

/* Begin PBXBuildFile section */
		6784C55EDE10DEA47F6D5D1B /* Pods_PetrolAcker.framework in Frameworks */ = {isa = PBXBuildFile; fileRef = BBB4DEA2FDAEC1D8194C51DF /* Pods_PetrolAcker.framework */; };
		B50D10942889671F00303810 /* ConfigureFuelViewController.swift in Sources */ = {isa = PBXBuildFile; fileRef = B50D10922889671F00303810 /* ConfigureFuelViewController.swift */; };
		B50D10952889671F00303810 /* ConfigureFuelViewController.xib in Resources */ = {isa = PBXBuildFile; fileRef = B50D10932889671F00303810 /* ConfigureFuelViewController.xib */; };
		B519477628865C17001851FA /* AppDelegate.swift in Sources */ = {isa = PBXBuildFile; fileRef = B519477528865C17001851FA /* AppDelegate.swift */; };
		B519477828865C17001851FA /* SceneDelegate.swift in Sources */ = {isa = PBXBuildFile; fileRef = B519477728865C17001851FA /* SceneDelegate.swift */; };
		B519477A28865C17001851FA /* MapViewController.swift in Sources */ = {isa = PBXBuildFile; fileRef = B519477928865C17001851FA /* MapViewController.swift */; };
		B519477D28865C17001851FA /* Main.storyboard in Resources */ = {isa = PBXBuildFile; fileRef = B519477B28865C17001851FA /* Main.storyboard */; };
		B519477F28865C18001851FA /* Assets.xcassets in Resources */ = {isa = PBXBuildFile; fileRef = B519477E28865C18001851FA /* Assets.xcassets */; };
		B519478228865C18001851FA /* LaunchScreen.storyboard in Resources */ = {isa = PBXBuildFile; fileRef = B519478028865C18001851FA /* LaunchScreen.storyboard */; };
		B58005632889467E00E74FE7 /* StartTripViewController.swift in Sources */ = {isa = PBXBuildFile; fileRef = B58005612889467E00E74FE7 /* StartTripViewController.swift */; };
		B58005642889467E00E74FE7 /* StartTripViewController.xib in Resources */ = {isa = PBXBuildFile; fileRef = B58005622889467E00E74FE7 /* StartTripViewController.xib */; };
		B580056628894B0C00E74FE7 /* Extension.swift in Sources */ = {isa = PBXBuildFile; fileRef = B580056528894B0C00E74FE7 /* Extension.swift */; };
		B5800569288953F800E74FE7 /* FocusPresentationController.swift in Sources */ = {isa = PBXBuildFile; fileRef = B5800567288953F800E74FE7 /* FocusPresentationController.swift */; };
		B580056A288953F800E74FE7 /* SheetPresentationController.swift in Sources */ = {isa = PBXBuildFile; fileRef = B5800568288953F800E74FE7 /* SheetPresentationController.swift */; };
		B58005702889567800E74FE7 /* OnTripViewController.swift in Sources */ = {isa = PBXBuildFile; fileRef = B580056E2889567800E74FE7 /* OnTripViewController.swift */; };
		B58005712889567800E74FE7 /* OnTripViewController.xib in Resources */ = {isa = PBXBuildFile; fileRef = B580056F2889567800E74FE7 /* OnTripViewController.xib */; };
		B58005732889592000E74FE7 /* CarSpecificationViewController.swift in Sources */ = {isa = PBXBuildFile; fileRef = B58005722889592000E74FE7 /* CarSpecificationViewController.swift */; };
		B58005752889592A00E74FE7 /* CarSpecification.storyboard in Resources */ = {isa = PBXBuildFile; fileRef = B58005742889592A00E74FE7 /* CarSpecification.storyboard */; };
		B580057728895C2500E74FE7 /* HistoryViewController.swift in Sources */ = {isa = PBXBuildFile; fileRef = B580057628895C2500E74FE7 /* HistoryViewController.swift */; };
		B580057928895C2B00E74FE7 /* History.storyboard in Resources */ = {isa = PBXBuildFile; fileRef = B580057828895C2B00E74FE7 /* History.storyboard */; };
		B580057C2889648100E74FE7 /* HistoryTableViewCell.swift in Sources */ = {isa = PBXBuildFile; fileRef = B580057A2889648100E74FE7 /* HistoryTableViewCell.swift */; };
		B580057D2889648100E74FE7 /* HistoryTableViewCell.xib in Resources */ = {isa = PBXBuildFile; fileRef = B580057B2889648100E74FE7 /* HistoryTableViewCell.xib */; };
		B5DDB5E5288A381400F1C8A3 /* UserDefaultManager.swift in Sources */ = {isa = PBXBuildFile; fileRef = B5DDB5E4288A381400F1C8A3 /* UserDefaultManager.swift */; };
		B5DDB5E7288A3F8D00F1C8A3 /* CarModel.swift in Sources */ = {isa = PBXBuildFile; fileRef = B5DDB5E6288A3F8D00F1C8A3 /* CarModel.swift */; };
/* End PBXBuildFile section */

/* Begin PBXFileReference section */
		1C7194A88F4AFB21B38F4621 /* Pods-PetrolAcker.release.xcconfig */ = {isa = PBXFileReference; includeInIndex = 1; lastKnownFileType = text.xcconfig; name = "Pods-PetrolAcker.release.xcconfig"; path = "Target Support Files/Pods-PetrolAcker/Pods-PetrolAcker.release.xcconfig"; sourceTree = "<group>"; };
		5AC3E1364A483F08EDC86C82 /* Pods-PetrolAcker.debug.xcconfig */ = {isa = PBXFileReference; includeInIndex = 1; lastKnownFileType = text.xcconfig; name = "Pods-PetrolAcker.debug.xcconfig"; path = "Target Support Files/Pods-PetrolAcker/Pods-PetrolAcker.debug.xcconfig"; sourceTree = "<group>"; };
		B50D10922889671F00303810 /* ConfigureFuelViewController.swift */ = {isa = PBXFileReference; lastKnownFileType = sourcecode.swift; path = ConfigureFuelViewController.swift; sourceTree = "<group>"; };
		B50D10932889671F00303810 /* ConfigureFuelViewController.xib */ = {isa = PBXFileReference; lastKnownFileType = file.xib; path = ConfigureFuelViewController.xib; sourceTree = "<group>"; };
		B519477228865C17001851FA /* PetrolAcker.app */ = {isa = PBXFileReference; explicitFileType = wrapper.application; includeInIndex = 0; path = PetrolAcker.app; sourceTree = BUILT_PRODUCTS_DIR; };
		B519477528865C17001851FA /* AppDelegate.swift */ = {isa = PBXFileReference; lastKnownFileType = sourcecode.swift; path = AppDelegate.swift; sourceTree = "<group>"; };
		B519477728865C17001851FA /* SceneDelegate.swift */ = {isa = PBXFileReference; lastKnownFileType = sourcecode.swift; path = SceneDelegate.swift; sourceTree = "<group>"; };
		B519477928865C17001851FA /* MapViewController.swift */ = {isa = PBXFileReference; lastKnownFileType = sourcecode.swift; path = MapViewController.swift; sourceTree = "<group>"; };
		B519477C28865C17001851FA /* Base */ = {isa = PBXFileReference; lastKnownFileType = file.storyboard; name = Base; path = Base.lproj/Main.storyboard; sourceTree = "<group>"; };
		B519477E28865C18001851FA /* Assets.xcassets */ = {isa = PBXFileReference; lastKnownFileType = folder.assetcatalog; path = Assets.xcassets; sourceTree = "<group>"; };
		B519478128865C18001851FA /* Base */ = {isa = PBXFileReference; lastKnownFileType = file.storyboard; name = Base; path = Base.lproj/LaunchScreen.storyboard; sourceTree = "<group>"; };
		B519478328865C18001851FA /* Info.plist */ = {isa = PBXFileReference; lastKnownFileType = text.plist.xml; path = Info.plist; sourceTree = "<group>"; };
		B58005612889467E00E74FE7 /* StartTripViewController.swift */ = {isa = PBXFileReference; lastKnownFileType = sourcecode.swift; path = StartTripViewController.swift; sourceTree = "<group>"; };
		B58005622889467E00E74FE7 /* StartTripViewController.xib */ = {isa = PBXFileReference; lastKnownFileType = file.xib; path = StartTripViewController.xib; sourceTree = "<group>"; };
		B580056528894B0C00E74FE7 /* Extension.swift */ = {isa = PBXFileReference; lastKnownFileType = sourcecode.swift; path = Extension.swift; sourceTree = "<group>"; };
		B5800567288953F800E74FE7 /* FocusPresentationController.swift */ = {isa = PBXFileReference; fileEncoding = 4; lastKnownFileType = sourcecode.swift; path = FocusPresentationController.swift; sourceTree = "<group>"; };
		B5800568288953F800E74FE7 /* SheetPresentationController.swift */ = {isa = PBXFileReference; fileEncoding = 4; lastKnownFileType = sourcecode.swift; path = SheetPresentationController.swift; sourceTree = "<group>"; };
		B580056E2889567800E74FE7 /* OnTripViewController.swift */ = {isa = PBXFileReference; lastKnownFileType = sourcecode.swift; path = OnTripViewController.swift; sourceTree = "<group>"; };
		B580056F2889567800E74FE7 /* OnTripViewController.xib */ = {isa = PBXFileReference; lastKnownFileType = file.xib; path = OnTripViewController.xib; sourceTree = "<group>"; };
		B58005722889592000E74FE7 /* CarSpecificationViewController.swift */ = {isa = PBXFileReference; lastKnownFileType = sourcecode.swift; path = CarSpecificationViewController.swift; sourceTree = "<group>"; };
		B58005742889592A00E74FE7 /* CarSpecification.storyboard */ = {isa = PBXFileReference; lastKnownFileType = file.storyboard; path = CarSpecification.storyboard; sourceTree = "<group>"; };
		B580057628895C2500E74FE7 /* HistoryViewController.swift */ = {isa = PBXFileReference; lastKnownFileType = sourcecode.swift; path = HistoryViewController.swift; sourceTree = "<group>"; };
		B580057828895C2B00E74FE7 /* History.storyboard */ = {isa = PBXFileReference; lastKnownFileType = file.storyboard; path = History.storyboard; sourceTree = "<group>"; };
		B580057A2889648100E74FE7 /* HistoryTableViewCell.swift */ = {isa = PBXFileReference; lastKnownFileType = sourcecode.swift; path = HistoryTableViewCell.swift; sourceTree = "<group>"; };
		B580057B2889648100E74FE7 /* HistoryTableViewCell.xib */ = {isa = PBXFileReference; lastKnownFileType = file.xib; path = HistoryTableViewCell.xib; sourceTree = "<group>"; };
		B5DDB5E4288A381400F1C8A3 /* UserDefaultManager.swift */ = {isa = PBXFileReference; lastKnownFileType = sourcecode.swift; path = UserDefaultManager.swift; sourceTree = "<group>"; };
		B5DDB5E6288A3F8D00F1C8A3 /* CarModel.swift */ = {isa = PBXFileReference; lastKnownFileType = sourcecode.swift; name = CarModel.swift; path = ../../../../../../Documents/CarModel.swift; sourceTree = "<group>"; };
		BBB4DEA2FDAEC1D8194C51DF /* Pods_PetrolAcker.framework */ = {isa = PBXFileReference; explicitFileType = wrapper.framework; includeInIndex = 0; path = Pods_PetrolAcker.framework; sourceTree = BUILT_PRODUCTS_DIR; };
/* End PBXFileReference section */

/* Begin PBXFrameworksBuildPhase section */
		B519476F28865C17001851FA /* Frameworks */ = {
			isa = PBXFrameworksBuildPhase;
			buildActionMask = 2147483647;
			files = (
				6784C55EDE10DEA47F6D5D1B /* Pods_PetrolAcker.framework in Frameworks */,
			);
			runOnlyForDeploymentPostprocessing = 0;
		};
/* End PBXFrameworksBuildPhase section */

/* Begin PBXGroup section */
		95032E76B2220EFCD12A83AD /* Pods */ = {
			isa = PBXGroup;
			children = (
				5AC3E1364A483F08EDC86C82 /* Pods-PetrolAcker.debug.xcconfig */,
				1C7194A88F4AFB21B38F4621 /* Pods-PetrolAcker.release.xcconfig */,
			);
			path = Pods;
			sourceTree = "<group>";
		};
		9B242B1FE9C4AB9C26A46CAD /* Frameworks */ = {
			isa = PBXGroup;
			children = (
				BBB4DEA2FDAEC1D8194C51DF /* Pods_PetrolAcker.framework */,
			);
			name = Frameworks;
			sourceTree = "<group>";
		};
		B50D10962889672200303810 /* ConfigureFuel */ = {
			isa = PBXGroup;
			children = (
				B50D10922889671F00303810 /* ConfigureFuelViewController.swift */,
				B50D10932889671F00303810 /* ConfigureFuelViewController.xib */,
			);
			path = ConfigureFuel;
			sourceTree = "<group>";
		};
		B519476928865C17001851FA = {
			isa = PBXGroup;
			children = (
				B519477428865C17001851FA /* PetrolAcker */,
				B519477328865C17001851FA /* Products */,
				95032E76B2220EFCD12A83AD /* Pods */,
				9B242B1FE9C4AB9C26A46CAD /* Frameworks */,
			);
			sourceTree = "<group>";
		};
		B519477328865C17001851FA /* Products */ = {
			isa = PBXGroup;
			children = (
				B519477228865C17001851FA /* PetrolAcker.app */,
			);
			name = Products;
			sourceTree = "<group>";
		};
		B519477428865C17001851FA /* PetrolAcker */ = {
			isa = PBXGroup;
			children = (
				B519477528865C17001851FA /* AppDelegate.swift */,
				B519477728865C17001851FA /* SceneDelegate.swift */,
				B5800582288964D600E74FE7 /* MapScreen */,
				B580057E2889649000E74FE7 /* StartTrip */,
				B580057F2889649800E74FE7 /* OnTrip */,
				B5800580288964A000E74FE7 /* CarSpecification */,
				B5800581288964BD00E74FE7 /* History */,
				B50D10962889672200303810 /* ConfigureFuel */,
				B580056C288955BD00E74FE7 /* Utils */,
				B519477B28865C17001851FA /* Main.storyboard */,
				B519477E28865C18001851FA /* Assets.xcassets */,
				B519478028865C18001851FA /* LaunchScreen.storyboard */,
				B519478328865C18001851FA /* Info.plist */,
			);
			path = PetrolAcker;
			sourceTree = "<group>";
		};
		B580056C288955BD00E74FE7 /* Utils */ = {
			isa = PBXGroup;
			children = (
				B580056528894B0C00E74FE7 /* Extension.swift */,
				B5800567288953F800E74FE7 /* FocusPresentationController.swift */,
				B5800568288953F800E74FE7 /* SheetPresentationController.swift */,
				B5DDB5E4288A381400F1C8A3 /* UserDefaultManager.swift */,
			);
			path = Utils;
			sourceTree = "<group>";
		};
		B580057E2889649000E74FE7 /* StartTrip */ = {
			isa = PBXGroup;
			children = (
				B58005612889467E00E74FE7 /* StartTripViewController.swift */,
				B58005622889467E00E74FE7 /* StartTripViewController.xib */,
			);
			path = StartTrip;
			sourceTree = "<group>";
		};
		B580057F2889649800E74FE7 /* OnTrip */ = {
			isa = PBXGroup;
			children = (
				B580056E2889567800E74FE7 /* OnTripViewController.swift */,
				B580056F2889567800E74FE7 /* OnTripViewController.xib */,
			);
			path = OnTrip;
			sourceTree = "<group>";
		};
		B5800580288964A000E74FE7 /* CarSpecification */ = {
			isa = PBXGroup;
			children = (
				B5DDB5E6288A3F8D00F1C8A3 /* CarModel.swift */,
				B58005722889592000E74FE7 /* CarSpecificationViewController.swift */,
				B58005742889592A00E74FE7 /* CarSpecification.storyboard */,
			);
			path = CarSpecification;
			sourceTree = "<group>";
		};
		B5800581288964BD00E74FE7 /* History */ = {
			isa = PBXGroup;
			children = (
				B580057628895C2500E74FE7 /* HistoryViewController.swift */,
				B580057828895C2B00E74FE7 /* History.storyboard */,
				B580057A2889648100E74FE7 /* HistoryTableViewCell.swift */,
				B580057B2889648100E74FE7 /* HistoryTableViewCell.xib */,
			);
			path = History;
			sourceTree = "<group>";
		};
		B5800582288964D600E74FE7 /* MapScreen */ = {
			isa = PBXGroup;
			children = (
				B519477928865C17001851FA /* MapViewController.swift */,
			);
			path = MapScreen;
			sourceTree = "<group>";
		};
/* End PBXGroup section */

/* Begin PBXNativeTarget section */
		B519477128865C17001851FA /* PetrolAcker */ = {
			isa = PBXNativeTarget;
			buildConfigurationList = B519478628865C18001851FA /* Build configuration list for PBXNativeTarget "PetrolAcker" */;
			buildPhases = (
				1DF8BA8EF781B07B918A1E2F /* [CP] Check Pods Manifest.lock */,
				B519476E28865C17001851FA /* Sources */,
				B519476F28865C17001851FA /* Frameworks */,
				B519477028865C17001851FA /* Resources */,
				F6C2B16839906FED478EAED2 /* [CP] Embed Pods Frameworks */,
			);
			buildRules = (
			);
			dependencies = (
			);
			name = PetrolAcker;
			productName = PetrolAcker;
			productReference = B519477228865C17001851FA /* PetrolAcker.app */;
			productType = "com.apple.product-type.application";
		};
/* End PBXNativeTarget section */

/* Begin PBXProject section */
		B519476A28865C17001851FA /* Project object */ = {
			isa = PBXProject;
			attributes = {
				BuildIndependentTargetsInParallel = 1;
				LastSwiftUpdateCheck = 1340;
				LastUpgradeCheck = 1340;
				TargetAttributes = {
					B519477128865C17001851FA = {
						CreatedOnToolsVersion = 13.4.1;
					};
				};
			};
			buildConfigurationList = B519476D28865C17001851FA /* Build configuration list for PBXProject "PetrolAcker" */;
			compatibilityVersion = "Xcode 13.0";
			developmentRegion = en;
			hasScannedForEncodings = 0;
			knownRegions = (
				en,
				Base,
			);
			mainGroup = B519476928865C17001851FA;
			productRefGroup = B519477328865C17001851FA /* Products */;
			projectDirPath = "";
			projectRoot = "";
			targets = (
				B519477128865C17001851FA /* PetrolAcker */,
			);
		};
/* End PBXProject section */

/* Begin PBXResourcesBuildPhase section */
		B519477028865C17001851FA /* Resources */ = {
			isa = PBXResourcesBuildPhase;
			buildActionMask = 2147483647;
			files = (
				B58005642889467E00E74FE7 /* StartTripViewController.xib in Resources */,
				B58005712889567800E74FE7 /* OnTripViewController.xib in Resources */,
				B580057928895C2B00E74FE7 /* History.storyboard in Resources */,
				B519478228865C18001851FA /* LaunchScreen.storyboard in Resources */,
				B58005752889592A00E74FE7 /* CarSpecification.storyboard in Resources */,
				B519477F28865C18001851FA /* Assets.xcassets in Resources */,
				B580057D2889648100E74FE7 /* HistoryTableViewCell.xib in Resources */,
				B519477D28865C17001851FA /* Main.storyboard in Resources */,
				B50D10952889671F00303810 /* ConfigureFuelViewController.xib in Resources */,
			);
			runOnlyForDeploymentPostprocessing = 0;
		};
/* End PBXResourcesBuildPhase section */

/* Begin PBXShellScriptBuildPhase section */
		1DF8BA8EF781B07B918A1E2F /* [CP] Check Pods Manifest.lock */ = {
			isa = PBXShellScriptBuildPhase;
			buildActionMask = 2147483647;
			files = (
			);
			inputFileListPaths = (
			);
			inputPaths = (
				"${PODS_PODFILE_DIR_PATH}/Podfile.lock",
				"${PODS_ROOT}/Manifest.lock",
			);
			name = "[CP] Check Pods Manifest.lock";
			outputFileListPaths = (
			);
			outputPaths = (
				"$(DERIVED_FILE_DIR)/Pods-PetrolAcker-checkManifestLockResult.txt",
			);
			runOnlyForDeploymentPostprocessing = 0;
			shellPath = /bin/sh;
			shellScript = "diff \"${PODS_PODFILE_DIR_PATH}/Podfile.lock\" \"${PODS_ROOT}/Manifest.lock\" > /dev/null\nif [ $? != 0 ] ; then\n    # print error to STDERR\n    echo \"error: The sandbox is not in sync with the Podfile.lock. Run 'pod install' or update your CocoaPods installation.\" >&2\n    exit 1\nfi\n# This output is used by Xcode 'outputs' to avoid re-running this script phase.\necho \"SUCCESS\" > \"${SCRIPT_OUTPUT_FILE_0}\"\n";
			showEnvVarsInLog = 0;
		};
		F6C2B16839906FED478EAED2 /* [CP] Embed Pods Frameworks */ = {
			isa = PBXShellScriptBuildPhase;
			buildActionMask = 2147483647;
			files = (
			);
			inputFileListPaths = (
				"${PODS_ROOT}/Target Support Files/Pods-PetrolAcker/Pods-PetrolAcker-frameworks-${CONFIGURATION}-input-files.xcfilelist",
			);
			name = "[CP] Embed Pods Frameworks";
			outputFileListPaths = (
				"${PODS_ROOT}/Target Support Files/Pods-PetrolAcker/Pods-PetrolAcker-frameworks-${CONFIGURATION}-output-files.xcfilelist",
			);
			runOnlyForDeploymentPostprocessing = 0;
			shellPath = /bin/sh;
			shellScript = "\"${PODS_ROOT}/Target Support Files/Pods-PetrolAcker/Pods-PetrolAcker-frameworks.sh\"\n";
			showEnvVarsInLog = 0;
		};
/* End PBXShellScriptBuildPhase section */

/* Begin PBXSourcesBuildPhase section */
		B519476E28865C17001851FA /* Sources */ = {
			isa = PBXSourcesBuildPhase;
			buildActionMask = 2147483647;
			files = (
				B58005702889567800E74FE7 /* OnTripViewController.swift in Sources */,
				B580056628894B0C00E74FE7 /* Extension.swift in Sources */,
				B58005632889467E00E74FE7 /* StartTripViewController.swift in Sources */,
				B580057728895C2500E74FE7 /* HistoryViewController.swift in Sources */,
				B519477A28865C17001851FA /* MapViewController.swift in Sources */,
				B580056A288953F800E74FE7 /* SheetPresentationController.swift in Sources */,
				B519477628865C17001851FA /* AppDelegate.swift in Sources */,
				B5800569288953F800E74FE7 /* FocusPresentationController.swift in Sources */,
				B5DDB5E7288A3F8D00F1C8A3 /* CarModel.swift in Sources */,
				B580057C2889648100E74FE7 /* HistoryTableViewCell.swift in Sources */,
				B5DDB5E5288A381400F1C8A3 /* UserDefaultManager.swift in Sources */,
				B58005732889592000E74FE7 /* CarSpecificationViewController.swift in Sources */,
				B519477828865C17001851FA /* SceneDelegate.swift in Sources */,
				B50D10942889671F00303810 /* ConfigureFuelViewController.swift in Sources */,
			);
			runOnlyForDeploymentPostprocessing = 0;
		};
/* End PBXSourcesBuildPhase section */

/* Begin PBXVariantGroup section */
		B519477B28865C17001851FA /* Main.storyboard */ = {
			isa = PBXVariantGroup;
			children = (
				B519477C28865C17001851FA /* Base */,
			);
			name = Main.storyboard;
			sourceTree = "<group>";
		};
		B519478028865C18001851FA /* LaunchScreen.storyboard */ = {
			isa = PBXVariantGroup;
			children = (
				B519478128865C18001851FA /* Base */,
			);
			name = LaunchScreen.storyboard;
			sourceTree = "<group>";
		};
/* End PBXVariantGroup section */

/* Begin XCBuildConfiguration section */
		B519478428865C18001851FA /* Debug */ = {
			isa = XCBuildConfiguration;
			buildSettings = {
				ALWAYS_SEARCH_USER_PATHS = NO;
				CLANG_ANALYZER_NONNULL = YES;
				CLANG_ANALYZER_NUMBER_OBJECT_CONVERSION = YES_AGGRESSIVE;
				CLANG_CXX_LANGUAGE_STANDARD = "gnu++17";
				CLANG_ENABLE_MODULES = YES;
				CLANG_ENABLE_OBJC_ARC = YES;
				CLANG_ENABLE_OBJC_WEAK = YES;
				CLANG_WARN_BLOCK_CAPTURE_AUTORELEASING = YES;
				CLANG_WARN_BOOL_CONVERSION = YES;
				CLANG_WARN_COMMA = YES;
				CLANG_WARN_CONSTANT_CONVERSION = YES;
				CLANG_WARN_DEPRECATED_OBJC_IMPLEMENTATIONS = YES;
				CLANG_WARN_DIRECT_OBJC_ISA_USAGE = YES_ERROR;
				CLANG_WARN_DOCUMENTATION_COMMENTS = YES;
				CLANG_WARN_EMPTY_BODY = YES;
				CLANG_WARN_ENUM_CONVERSION = YES;
				CLANG_WARN_INFINITE_RECURSION = YES;
				CLANG_WARN_INT_CONVERSION = YES;
				CLANG_WARN_NON_LITERAL_NULL_CONVERSION = YES;
				CLANG_WARN_OBJC_IMPLICIT_RETAIN_SELF = YES;
				CLANG_WARN_OBJC_LITERAL_CONVERSION = YES;
				CLANG_WARN_OBJC_ROOT_CLASS = YES_ERROR;
				CLANG_WARN_QUOTED_INCLUDE_IN_FRAMEWORK_HEADER = YES;
				CLANG_WARN_RANGE_LOOP_ANALYSIS = YES;
				CLANG_WARN_STRICT_PROTOTYPES = YES;
				CLANG_WARN_SUSPICIOUS_MOVE = YES;
				CLANG_WARN_UNGUARDED_AVAILABILITY = YES_AGGRESSIVE;
				CLANG_WARN_UNREACHABLE_CODE = YES;
				CLANG_WARN__DUPLICATE_METHOD_MATCH = YES;
				COPY_PHASE_STRIP = NO;
				DEBUG_INFORMATION_FORMAT = dwarf;
				ENABLE_STRICT_OBJC_MSGSEND = YES;
				ENABLE_TESTABILITY = YES;
				GCC_C_LANGUAGE_STANDARD = gnu11;
				GCC_DYNAMIC_NO_PIC = NO;
				GCC_NO_COMMON_BLOCKS = YES;
				GCC_OPTIMIZATION_LEVEL = 0;
				GCC_PREPROCESSOR_DEFINITIONS = (
					"DEBUG=1",
					"$(inherited)",
				);
				GCC_WARN_64_TO_32_BIT_CONVERSION = YES;
				GCC_WARN_ABOUT_RETURN_TYPE = YES_ERROR;
				GCC_WARN_UNDECLARED_SELECTOR = YES;
				GCC_WARN_UNINITIALIZED_AUTOS = YES_AGGRESSIVE;
				GCC_WARN_UNUSED_FUNCTION = YES;
				GCC_WARN_UNUSED_VARIABLE = YES;
				IPHONEOS_DEPLOYMENT_TARGET = 15.5;
				MTL_ENABLE_DEBUG_INFO = INCLUDE_SOURCE;
				MTL_FAST_MATH = YES;
				ONLY_ACTIVE_ARCH = YES;
				SDKROOT = iphoneos;
				SWIFT_ACTIVE_COMPILATION_CONDITIONS = DEBUG;
				SWIFT_OPTIMIZATION_LEVEL = "-Onone";
			};
			name = Debug;
		};
		B519478528865C18001851FA /* Release */ = {
			isa = XCBuildConfiguration;
			buildSettings = {
				ALWAYS_SEARCH_USER_PATHS = NO;
				CLANG_ANALYZER_NONNULL = YES;
				CLANG_ANALYZER_NUMBER_OBJECT_CONVERSION = YES_AGGRESSIVE;
				CLANG_CXX_LANGUAGE_STANDARD = "gnu++17";
				CLANG_ENABLE_MODULES = YES;
				CLANG_ENABLE_OBJC_ARC = YES;
				CLANG_ENABLE_OBJC_WEAK = YES;
				CLANG_WARN_BLOCK_CAPTURE_AUTORELEASING = YES;
				CLANG_WARN_BOOL_CONVERSION = YES;
				CLANG_WARN_COMMA = YES;
				CLANG_WARN_CONSTANT_CONVERSION = YES;
				CLANG_WARN_DEPRECATED_OBJC_IMPLEMENTATIONS = YES;
				CLANG_WARN_DIRECT_OBJC_ISA_USAGE = YES_ERROR;
				CLANG_WARN_DOCUMENTATION_COMMENTS = YES;
				CLANG_WARN_EMPTY_BODY = YES;
				CLANG_WARN_ENUM_CONVERSION = YES;
				CLANG_WARN_INFINITE_RECURSION = YES;
				CLANG_WARN_INT_CONVERSION = YES;
				CLANG_WARN_NON_LITERAL_NULL_CONVERSION = YES;
				CLANG_WARN_OBJC_IMPLICIT_RETAIN_SELF = YES;
				CLANG_WARN_OBJC_LITERAL_CONVERSION = YES;
				CLANG_WARN_OBJC_ROOT_CLASS = YES_ERROR;
				CLANG_WARN_QUOTED_INCLUDE_IN_FRAMEWORK_HEADER = YES;
				CLANG_WARN_RANGE_LOOP_ANALYSIS = YES;
				CLANG_WARN_STRICT_PROTOTYPES = YES;
				CLANG_WARN_SUSPICIOUS_MOVE = YES;
				CLANG_WARN_UNGUARDED_AVAILABILITY = YES_AGGRESSIVE;
				CLANG_WARN_UNREACHABLE_CODE = YES;
				CLANG_WARN__DUPLICATE_METHOD_MATCH = YES;
				COPY_PHASE_STRIP = NO;
				DEBUG_INFORMATION_FORMAT = "dwarf-with-dsym";
				ENABLE_NS_ASSERTIONS = NO;
				ENABLE_STRICT_OBJC_MSGSEND = YES;
				GCC_C_LANGUAGE_STANDARD = gnu11;
				GCC_NO_COMMON_BLOCKS = YES;
				GCC_WARN_64_TO_32_BIT_CONVERSION = YES;
				GCC_WARN_ABOUT_RETURN_TYPE = YES_ERROR;
				GCC_WARN_UNDECLARED_SELECTOR = YES;
				GCC_WARN_UNINITIALIZED_AUTOS = YES_AGGRESSIVE;
				GCC_WARN_UNUSED_FUNCTION = YES;
				GCC_WARN_UNUSED_VARIABLE = YES;
				IPHONEOS_DEPLOYMENT_TARGET = 15.5;
				MTL_ENABLE_DEBUG_INFO = NO;
				MTL_FAST_MATH = YES;
				SDKROOT = iphoneos;
				SWIFT_COMPILATION_MODE = wholemodule;
				SWIFT_OPTIMIZATION_LEVEL = "-O";
				VALIDATE_PRODUCT = YES;
			};
			name = Release;
		};
		B519478728865C18001851FA /* Debug */ = {
			isa = XCBuildConfiguration;
			baseConfigurationReference = 5AC3E1364A483F08EDC86C82 /* Pods-PetrolAcker.debug.xcconfig */;
			buildSettings = {
				ASSETCATALOG_COMPILER_APPICON_NAME = AppIcon;
				ASSETCATALOG_COMPILER_GLOBAL_ACCENT_COLOR_NAME = AccentColor;
				CODE_SIGN_STYLE = Automatic;
				CURRENT_PROJECT_VERSION = 1;
				DEVELOPMENT_TEAM = 5DUFZTPDQV;
				GENERATE_INFOPLIST_FILE = YES;
				INFOPLIST_FILE = PetrolAcker/Info.plist;
				INFOPLIST_KEY_UIApplicationSupportsIndirectInputEvents = YES;
				INFOPLIST_KEY_UILaunchStoryboardName = LaunchScreen;
				INFOPLIST_KEY_UIMainStoryboardFile = Main;
				INFOPLIST_KEY_UISupportedInterfaceOrientations_iPad = "UIInterfaceOrientationPortrait UIInterfaceOrientationPortraitUpsideDown UIInterfaceOrientationLandscapeLeft UIInterfaceOrientationLandscapeRight";
				INFOPLIST_KEY_UISupportedInterfaceOrientations_iPhone = "UIInterfaceOrientationPortrait UIInterfaceOrientationLandscapeLeft UIInterfaceOrientationLandscapeRight";
				LD_RUNPATH_SEARCH_PATHS = (
					"$(inherited)",
					"@executable_path/Frameworks",
				);
				MARKETING_VERSION = 1.0;
				PRODUCT_BUNDLE_IDENTIFIER = hnslmp.PetrolAcker;
				PRODUCT_NAME = "$(TARGET_NAME)";
				SWIFT_EMIT_LOC_STRINGS = YES;
				SWIFT_VERSION = 5.0;
				TARGETED_DEVICE_FAMILY = "1,2";
			};
			name = Debug;
		};
		B519478828865C18001851FA /* Release */ = {
			isa = XCBuildConfiguration;
			baseConfigurationReference = 1C7194A88F4AFB21B38F4621 /* Pods-PetrolAcker.release.xcconfig */;
			buildSettings = {
				ASSETCATALOG_COMPILER_APPICON_NAME = AppIcon;
				ASSETCATALOG_COMPILER_GLOBAL_ACCENT_COLOR_NAME = AccentColor;
				CODE_SIGN_STYLE = Automatic;
				CURRENT_PROJECT_VERSION = 1;
				DEVELOPMENT_TEAM = 5DUFZTPDQV;
				GENERATE_INFOPLIST_FILE = YES;
				INFOPLIST_FILE = PetrolAcker/Info.plist;
				INFOPLIST_KEY_UIApplicationSupportsIndirectInputEvents = YES;
				INFOPLIST_KEY_UILaunchStoryboardName = LaunchScreen;
				INFOPLIST_KEY_UIMainStoryboardFile = Main;
				INFOPLIST_KEY_UISupportedInterfaceOrientations_iPad = "UIInterfaceOrientationPortrait UIInterfaceOrientationPortraitUpsideDown UIInterfaceOrientationLandscapeLeft UIInterfaceOrientationLandscapeRight";
				INFOPLIST_KEY_UISupportedInterfaceOrientations_iPhone = "UIInterfaceOrientationPortrait UIInterfaceOrientationLandscapeLeft UIInterfaceOrientationLandscapeRight";
				LD_RUNPATH_SEARCH_PATHS = (
					"$(inherited)",
					"@executable_path/Frameworks",
				);
				MARKETING_VERSION = 1.0;
				PRODUCT_BUNDLE_IDENTIFIER = hnslmp.PetrolAcker;
				PRODUCT_NAME = "$(TARGET_NAME)";
				SWIFT_EMIT_LOC_STRINGS = YES;
				SWIFT_VERSION = 5.0;
				TARGETED_DEVICE_FAMILY = "1,2";
			};
			name = Release;
		};
/* End XCBuildConfiguration section */

/* Begin XCConfigurationList section */
		B519476D28865C17001851FA /* Build configuration list for PBXProject "PetrolAcker" */ = {
			isa = XCConfigurationList;
			buildConfigurations = (
				B519478428865C18001851FA /* Debug */,
				B519478528865C18001851FA /* Release */,
			);
			defaultConfigurationIsVisible = 0;
			defaultConfigurationName = Release;
		};
		B519478628865C18001851FA /* Build configuration list for PBXNativeTarget "PetrolAcker" */ = {
			isa = XCConfigurationList;
			buildConfigurations = (
				B519478728865C18001851FA /* Debug */,
				B519478828865C18001851FA /* Release */,
			);
			defaultConfigurationIsVisible = 0;
			defaultConfigurationName = Release;
		};
/* End XCConfigurationList section */
	};
	rootObject = B519476A28865C17001851FA /* Project object */;
}
